# This file is autogenerated, do not edit; changes may be undone by the next 'dep ensure'.


[[projects]]
  name = "github.com/pkg/errors"
  packages = ["."]
  revision = "645ef00459ed84a119197bfb8d8205042c6df63d"
  version = "v0.8.0"

[[projects]]
  branch = "master"
  name = "github.com/takashabe/go-notice-io"
  packages = ["."]
  revision = "96611db8e3243bd11b3827776ef950f295f94ee5"

[solve-meta]
  analyzer-name = "dep"
  analyzer-version = 1
  inputs-digest = "780e6514ab087a42c6dd35d5e9917d5df4af9c2122226dddfae1cbe7542d9c5b"
  solver-name = "gps-cdcl"
  solver-version = 1
